
Microsoft Visual Studio Solution File, Format Version 12.00
# Visual Studio 15
VisualStudioVersion = 15.0.26730.3
MinimumVisualStudioVersion = 10.0.40219.1
Project("{FAE04EC0-301F-11D3-BF4B-00C04F79EFBC}") = "MDFeNet", "MDFeNet\MDFeNet.csproj", "{93A1BA0F-F32B-463A-8C99-7F5896872E0A}"
EndProject
Global
	GlobalSection(SolutionConfigurationPlatforms) = preSolution
		Debug|Any CPU = Debug|Any CPU
		Release|Any CPU = Release|Any CPU
	EndGlobalSection
	GlobalSection(ProjectConfigurationPlatforms) = postSolution
		{93A1BA0F-F32B-463A-8C99-7F5896872E0A}.Debug|Any CPU.ActiveCfg = Debug|Any CPU
		{93A1BA0F-F32B-463A-8C99-7F5896872E0A}.Debug|Any CPU.Build.0 = Debug|Any CPU
		{93A1BA0F-F32B-463A-8C99-7F5896872E0A}.Release|Any CPU.ActiveCfg = Release|Any CPU
		{93A1BA0F-F32B-463A-8C99-7F5896872E0A}.Release|Any CPU.Build.0 = Release|Any CPU
	EndGlobalSection
	GlobalSection(SolutionProperties) = preSolution
		HideSolutionNode = FALSE
	EndGlobalSection
	GlobalSection(ExtensibilityGlobals) = postSolution
		SolutionGuid = {CCE96F4F-FA17-4B62-9CF7-9C88AC303BBB}
	EndGlobalSection
EndGlobal
